
Microsoft Visual Studio Solution File, Format Version 12.00
# Visual Studio Version 16
VisualStudioVersion = 16.0.30413.136
MinimumVisualStudioVersion = 10.0.40219.1
Project("{F184B08F-C81C-45F6-A57F-5ABD9991F28F}") = "WebApplication1", "WebApplication1\WebApplication1.vbproj", "{C666B175-37E6-4FF9-805E-1C78E881BF1A}"
EndProject
Project("{FAE04EC0-301F-11D3-BF4B-00C04F79EFBC}") = "DAL", "DAL\DAL.csproj", "{256740AB-609D-42A3-8519-528DA67FD93C}"
EndProject
Project("{FAE04EC0-301F-11D3-BF4B-00C04F79EFBC}") = "BLL", "BLL\BLL.csproj", "{52789973-F3B6-44B9-ACC0-91A82D80771F}"
EndProject
Project("{FAE04EC0-301F-11D3-BF4B-00C04F79EFBC}") = "Model", "Model\Model.csproj", "{A16B2007-2395-4733-B02F-87EB78EF416E}"
EndProject
Global
	GlobalSection(SolutionConfigurationPlatforms) = preSolution
		Debug|Any CPU = Debug|Any CPU
		Release|Any CPU = Release|Any CPU
	EndGlobalSection
	GlobalSection(ProjectConfigurationPlatforms) = postSolution
		{C666B175-37E6-4FF9-805E-1C78E881BF1A}.Debug|Any CPU.ActiveCfg = Debug|Any CPU
		{C666B175-37E6-4FF9-805E-1C78E881BF1A}.Debug|Any CPU.Build.0 = Debug|Any CPU
		{C666B175-37E6-4FF9-805E-1C78E881BF1A}.Release|Any CPU.ActiveCfg = Release|Any CPU
		{C666B175-37E6-4FF9-805E-1C78E881BF1A}.Release|Any CPU.Build.0 = Release|Any CPU
		{256740AB-609D-42A3-8519-528DA67FD93C}.Debug|Any CPU.ActiveCfg = Debug|Any CPU
		{256740AB-609D-42A3-8519-528DA67FD93C}.Debug|Any CPU.Build.0 = Debug|Any CPU
		{256740AB-609D-42A3-8519-528DA67FD93C}.Release|Any CPU.ActiveCfg = Release|Any CPU
		{256740AB-609D-42A3-8519-528DA67FD93C}.Release|Any CPU.Build.0 = Release|Any CPU
		{52789973-F3B6-44B9-ACC0-91A82D80771F}.Debug|Any CPU.ActiveCfg = Debug|Any CPU
		{52789973-F3B6-44B9-ACC0-91A82D80771F}.Debug|Any CPU.Build.0 = Debug|Any CPU
		{52789973-F3B6-44B9-ACC0-91A82D80771F}.Release|Any CPU.ActiveCfg = Release|Any CPU
		{52789973-F3B6-44B9-ACC0-91A82D80771F}.Release|Any CPU.Build.0 = Release|Any CPU
		{A16B2007-2395-4733-B02F-87EB78EF416E}.Debug|Any CPU.ActiveCfg = Debug|Any CPU
		{A16B2007-2395-4733-B02F-87EB78EF416E}.Debug|Any CPU.Build.0 = Debug|Any CPU
		{A16B2007-2395-4733-B02F-87EB78EF416E}.Release|Any CPU.ActiveCfg = Release|Any CPU
		{A16B2007-2395-4733-B02F-87EB78EF416E}.Release|Any CPU.Build.0 = Release|Any CPU
	EndGlobalSection
	GlobalSection(SolutionProperties) = preSolution
		HideSolutionNode = FALSE
	EndGlobalSection
	GlobalSection(ExtensibilityGlobals) = postSolution
		SolutionGuid = {286C44D8-B9D2-4811-AFD6-8E85080E8D3A}
	EndGlobalSection
EndGlobal
